
{
  "name": "tw-vu-spin-coinsmaster",
  "version": "1.0.0",
  "lockfileVersion": 3,
  "requires": true,
  "packages": {
    "": {
      "name": "tw-vu-spin-coinsmaster",
      "version": "1.0.0",
      "dependencies": {
        "clsx": "^2.1.1",
        "lucide-react": "^0.446.0",
        "react": "^19.2.3",
        "react-dom": "^19.2.3",
        "react-router-dom": "^7.11.0",
        "tailwind-merge": "^2.3.0"
      },
      "devDependencies": {
        "@types/react": "^19.0.0",
        "@types/react-dom": "^19.0.0",
        "typescript": "^5.0.0"
      }
    },
    "node_modules/clsx": {
      "version": "2.1.1",
      "resolved": "https://registry.npmjs.org/clsx/-/clsx-2.1.1.tgz",
      "integrity": "sha512-eYm0QJJtSSQDXKasgpMeGiGD8LaizbfabokGKaYdvRLpIYmeqvDdnqv3KjNyOmj3dDQk1QuYOl7G0uTHNUIdfw==",
      "engines": {
        "node": ">=6"
      }
    },
    "node_modules/lucide-react": {
      "version": "0.446.0",
      "resolved": "https://registry.npmjs.org/lucide-react/-/lucide-react-0.446.0.tgz",
      "integrity": "sha512-1vR6zS9X76l9HtoI3uX6lO0k7+oT4j8878o7Wl6G6N2W202f5y9f3i1g55y9f3i1g55y9f3i1g55y9f3i1g55y9f3",
      "peerDependencies": {
        "react": "^16.5.1 || ^17.0.0 || ^18.0.0 || ^19.0.0"
      }
    }
  }
}
